// !$*UTF8*$!
{
	archiveVersion = 1;
	classes = {
	};
	objectVersion = 56;
	objects = {

/* Begin PBXBuildFile section */
		B479A81A2EBC2DAC0069678C /* GoogleService-Info.plist in Resources */ = {isa = PBXBuildFile; fileRef = B479A8192EBC2DAC0069678C /* GoogleService-Info.plist */; };
		B479A81D2EBC41350069678C /* FirebaseAuth in Frameworks */ = {isa = PBXBuildFile; productRef = B479A81C2EBC41350069678C /* FirebaseAuth */; };
		B479A81F2EBC41350069678C /* FirebaseCrashlytics in Frameworks */ = {isa = PBXBuildFile; productRef = B479A81E2EBC41350069678C /* FirebaseCrashlytics */; };
		B479A8212EBC41350069678C /* FirebaseFirestore in Frameworks */ = {isa = PBXBuildFile; productRef = B479A8202EBC41350069678C /* FirebaseFirestore */; };
		B479A8232EBC41350069678C /* FirebaseFirestoreSwift-Beta in Frameworks */ = {isa = PBXBuildFile; productRef = B479A8222EBC41350069678C /* FirebaseFirestoreSwift-Beta */; };
		B479A8252EBC41350069678C /* FirebaseStorage in Frameworks */ = {isa = PBXBuildFile; productRef = B479A8242EBC41350069678C /* FirebaseStorage */; };
		B4BF4C1F2EBBD56200FCA0BA /* ChallengrsApp.swift in Sources */ = {isa = PBXBuildFile; fileRef = B4BF4C1E2EBBD56200FCA0BA /* ChallengrsApp.swift */; };
		B4BF4C212EBBD56200FCA0BA /* ContentView.swift in Sources */ = {isa = PBXBuildFile; fileRef = B4BF4C202EBBD56200FCA0BA /* ContentView.swift */; };
		B4BF4C232EBBD56600FCA0BA /* Assets.xcassets in Resources */ = {isa = PBXBuildFile; fileRef = B4BF4C222EBBD56600FCA0BA /* Assets.xcassets */; };
		B4BF4C262EBBD56600FCA0BA /* Preview Assets.xcassets in Resources */ = {isa = PBXBuildFile; fileRef = B4BF4C252EBBD56600FCA0BA /* Preview Assets.xcassets */; };
		B4BF4C2D2EBBD88D00FCA0BA /* SessionStore.swift in Sources */ = {isa = PBXBuildFile; fileRef = B4BF4C2C2EBBD88D00FCA0BA /* SessionStore.swift */; };
		B4BF4C302EBBD9AD00FCA0BA /* SimpleUser.swift in Sources */ = {isa = PBXBuildFile; fileRef = B4BF4C2F2EBBD9AD00FCA0BA /* SimpleUser.swift */; };
		B4BF4C322EBBDA4C00FCA0BA /* SplashContainerView.swift in Sources */ = {isa = PBXBuildFile; fileRef = B4BF4C312EBBDA4C00FCA0BA /* SplashContainerView.swift */; };
		B4BF4C342EBBDA8600FCA0BA /* SplashView.swift in Sources */ = {isa = PBXBuildFile; fileRef = B4BF4C332EBBDA8600FCA0BA /* SplashView.swift */; };
		B4BF4C362EBBDAE800FCA0BA /* AuthView.swift in Sources */ = {isa = PBXBuildFile; fileRef = B4BF4C352EBBDAE700FCA0BA /* AuthView.swift */; };
		B4BF4C382EBBDB0A00FCA0BA /* MainTabView.swift in Sources */ = {isa = PBXBuildFile; fileRef = B4BF4C372EBBDB0A00FCA0BA /* MainTabView.swift */; };
		B4BF4C3A2EBBDBAA00FCA0BA /* FirestoreService.swift in Sources */ = {isa = PBXBuildFile; fileRef = B4BF4C392EBBDBAA00FCA0BA /* FirestoreService.swift */; };
		B4BF4C3C2EBBE39400FCA0BA /* Challenge.swift in Sources */ = {isa = PBXBuildFile; fileRef = B4BF4C3B2EBBE39400FCA0BA /* Challenge.swift */; };
		B4BF4C3E2EBBE42600FCA0BA /* Submission.swift in Sources */ = {isa = PBXBuildFile; fileRef = B4BF4C3D2EBBE42600FCA0BA /* Submission.swift */; };
		B4BF4C412EBBE46F00FCA0BA /* CreateChallengeView.swift in Sources */ = {isa = PBXBuildFile; fileRef = B4BF4C402EBBE46F00FCA0BA /* CreateChallengeView.swift */; };
		B4BF4C442EBBE51F00FCA0BA /* ImagePicker.swift in Sources */ = {isa = PBXBuildFile; fileRef = B4BF4C432EBBE51F00FCA0BA /* ImagePicker.swift */; };
		B4BF4C472EBBE57C00FCA0BA /* FirestoreService.swift in Sources */ = {isa = PBXBuildFile; fileRef = B4BF4C462EBBE57C00FCA0BA /* FirestoreService.swift */; };
/* End PBXBuildFile section */

/* Begin PBXFileReference section */
		B479A8192EBC2DAC0069678C /* GoogleService-Info.plist */ = {isa = PBXFileReference; fileEncoding = 4; lastKnownFileType = text.plist.xml; name = "GoogleService-Info.plist"; path = "../../../../Downloads/GoogleService-Info.plist"; sourceTree = "<group>"; };
		B4BF4C1B2EBBD56200FCA0BA /* Challengrs.app */ = {isa = PBXFileReference; explicitFileType = wrapper.application; includeInIndex = 0; path = Challengrs.app; sourceTree = BUILT_PRODUCTS_DIR; };
		B4BF4C1E2EBBD56200FCA0BA /* ChallengrsApp.swift */ = {isa = PBXFileReference; lastKnownFileType = sourcecode.swift; path = ChallengrsApp.swift; sourceTree = "<group>"; };
		B4BF4C202EBBD56200FCA0BA /* ContentView.swift */ = {isa = PBXFileReference; lastKnownFileType = sourcecode.swift; path = ContentView.swift; sourceTree = "<group>"; };
		B4BF4C222EBBD56600FCA0BA /* Assets.xcassets */ = {isa = PBXFileReference; lastKnownFileType = folder.assetcatalog; path = Assets.xcassets; sourceTree = "<group>"; };
		B4BF4C252EBBD56600FCA0BA /* Preview Assets.xcassets */ = {isa = PBXFileReference; lastKnownFileType = folder.assetcatalog; path = "Preview Assets.xcassets"; sourceTree = "<group>"; };
		B4BF4C2C2EBBD88D00FCA0BA /* SessionStore.swift */ = {isa = PBXFileReference; lastKnownFileType = sourcecode.swift; path = SessionStore.swift; sourceTree = "<group>"; };
		B4BF4C2F2EBBD9AD00FCA0BA /* SimpleUser.swift */ = {isa = PBXFileReference; lastKnownFileType = sourcecode.swift; path = SimpleUser.swift; sourceTree = "<group>"; };
		B4BF4C312EBBDA4C00FCA0BA /* SplashContainerView.swift */ = {isa = PBXFileReference; lastKnownFileType = sourcecode.swift; path = SplashContainerView.swift; sourceTree = "<group>"; };
		B4BF4C332EBBDA8600FCA0BA /* SplashView.swift */ = {isa = PBXFileReference; lastKnownFileType = sourcecode.swift; path = SplashView.swift; sourceTree = "<group>"; };
		B4BF4C352EBBDAE700FCA0BA /* AuthView.swift */ = {isa = PBXFileReference; lastKnownFileType = sourcecode.swift; path = AuthView.swift; sourceTree = "<group>"; };
		B4BF4C372EBBDB0A00FCA0BA /* MainTabView.swift */ = {isa = PBXFileReference; lastKnownFileType = sourcecode.swift; path = MainTabView.swift; sourceTree = "<group>"; };
		B4BF4C392EBBDBAA00FCA0BA /* FirestoreService.swift */ = {isa = PBXFileReference; lastKnownFileType = sourcecode.swift; path = FirestoreService.swift; sourceTree = "<group>"; };
		B4BF4C3B2EBBE39400FCA0BA /* Challenge.swift */ = {isa = PBXFileReference; lastKnownFileType = sourcecode.swift; path = Challenge.swift; sourceTree = "<group>"; };
		B4BF4C3D2EBBE42600FCA0BA /* Submission.swift */ = {isa = PBXFileReference; lastKnownFileType = sourcecode.swift; path = Submission.swift; sourceTree = "<group>"; };
		B4BF4C402EBBE46F00FCA0BA /* CreateChallengeView.swift */ = {isa = PBXFileReference; lastKnownFileType = sourcecode.swift; path = CreateChallengeView.swift; sourceTree = "<group>"; };
		B4BF4C432EBBE51F00FCA0BA /* ImagePicker.swift */ = {isa = PBXFileReference; lastKnownFileType = sourcecode.swift; path = ImagePicker.swift; sourceTree = "<group>"; };
		B4BF4C462EBBE57C00FCA0BA /* FirestoreService.swift */ = {isa = PBXFileReference; lastKnownFileType = sourcecode.swift; path = FirestoreService.swift; sourceTree = "<group>"; };
/* End PBXFileReference section */

/* Begin PBXFrameworksBuildPhase section */
		B4BF4C182EBBD56200FCA0BA /* Frameworks */ = {
			isa = PBXFrameworksBuildPhase;
			buildActionMask = 2147483647;
			files = (
				B479A81D2EBC41350069678C /* FirebaseAuth in Frameworks */,
				B479A8232EBC41350069678C /* FirebaseFirestoreSwift-Beta in Frameworks */,
				B479A81F2EBC41350069678C /* FirebaseCrashlytics in Frameworks */,
				B479A8252EBC41350069678C /* FirebaseStorage in Frameworks */,
				B479A8212EBC41350069678C /* FirebaseFirestore in Frameworks */,
			);
			runOnlyForDeploymentPostprocessing = 0;
		};
/* End PBXFrameworksBuildPhase section */

/* Begin PBXGroup section */
		B4BF4C122EBBD56200FCA0BA = {
			isa = PBXGroup;
			children = (
				B4BF4C1D2EBBD56200FCA0BA /* Challengrs */,
				B4BF4C1C2EBBD56200FCA0BA /* Products */,
			);
			sourceTree = "<group>";
		};
		B4BF4C1C2EBBD56200FCA0BA /* Products */ = {
			isa = PBXGroup;
			children = (
				B4BF4C1B2EBBD56200FCA0BA /* Challengrs.app */,
			);
			name = Products;
			sourceTree = "<group>";
		};
		B4BF4C1D2EBBD56200FCA0BA /* Challengrs */ = {
			isa = PBXGroup;
			children = (
				B4BF4C452EBBE56100FCA0BA /* Services */,
				B4BF4C422EBBE48C00FCA0BA /* Utilities */,
				B4BF4C3F2EBBE45000FCA0BA /* Views */,
				B4BF4C2E2EBBD98C00FCA0BA /* Models */,
				B4BF4C1E2EBBD56200FCA0BA /* ChallengrsApp.swift */,
				B479A8192EBC2DAC0069678C /* GoogleService-Info.plist */,
				B4BF4C2C2EBBD88D00FCA0BA /* SessionStore.swift */,
				B4BF4C202EBBD56200FCA0BA /* ContentView.swift */,
				B4BF4C312EBBDA4C00FCA0BA /* SplashContainerView.swift */,
				B4BF4C332EBBDA8600FCA0BA /* SplashView.swift */,
				B4BF4C352EBBDAE700FCA0BA /* AuthView.swift */,
				B4BF4C372EBBDB0A00FCA0BA /* MainTabView.swift */,
				B4BF4C392EBBDBAA00FCA0BA /* FirestoreService.swift */,
				B4BF4C222EBBD56600FCA0BA /* Assets.xcassets */,
				B4BF4C242EBBD56600FCA0BA /* Preview Content */,
			);
			path = Challengrs;
			sourceTree = "<group>";
		};
		B4BF4C242EBBD56600FCA0BA /* Preview Content */ = {
			isa = PBXGroup;
			children = (
				B4BF4C252EBBD56600FCA0BA /* Preview Assets.xcassets */,
			);
			path = "Preview Content";
			sourceTree = "<group>";
		};
		B4BF4C2E2EBBD98C00FCA0BA /* Models */ = {
			isa = PBXGroup;
			children = (
				B4BF4C2F2EBBD9AD00FCA0BA /* SimpleUser.swift */,
				B4BF4C3B2EBBE39400FCA0BA /* Challenge.swift */,
				B4BF4C3D2EBBE42600FCA0BA /* Submission.swift */,
			);
			path = Models;
			sourceTree = "<group>";
		};
		B4BF4C3F2EBBE45000FCA0BA /* Views */ = {
			isa = PBXGroup;
			children = (
				B4BF4C402EBBE46F00FCA0BA /* CreateChallengeView.swift */,
			);
			path = Views;
			sourceTree = "<group>";
		};
		B4BF4C422EBBE48C00FCA0BA /* Utilities */ = {
			isa = PBXGroup;
			children = (
				B4BF4C432EBBE51F00FCA0BA /* ImagePicker.swift */,
			);
			path = Utilities;
			sourceTree = "<group>";
		};
		B4BF4C452EBBE56100FCA0BA /* Services */ = {
			isa = PBXGroup;
			children = (
				B4BF4C462EBBE57C00FCA0BA /* FirestoreService.swift */,
			);
			path = Services;
			sourceTree = "<group>";
		};
/* End PBXGroup section */

/* Begin PBXNativeTarget section */
		B4BF4C1A2EBBD56200FCA0BA /* Challengrs */ = {
			isa = PBXNativeTarget;
			buildConfigurationList = B4BF4C292EBBD56600FCA0BA /* Build configuration list for PBXNativeTarget "Challengrs" */;
			buildPhases = (
				B4BF4C172EBBD56200FCA0BA /* Sources */,
				B4BF4C182EBBD56200FCA0BA /* Frameworks */,
				B4BF4C192EBBD56200FCA0BA /* Resources */,
			);
			buildRules = (
			);
			dependencies = (
			);
			name = Challengrs;
			packageProductDependencies = (
				B479A81C2EBC41350069678C /* FirebaseAuth */,
				B479A81E2EBC41350069678C /* FirebaseCrashlytics */,
				B479A8202EBC41350069678C /* FirebaseFirestore */,
				B479A8222EBC41350069678C /* FirebaseFirestoreSwift-Beta */,
				B479A8242EBC41350069678C /* FirebaseStorage */,
			);
			productName = Challengrs;
			productReference = B4BF4C1B2EBBD56200FCA0BA /* Challengrs.app */;
			productType = "com.apple.product-type.application";
		};
/* End PBXNativeTarget section */

/* Begin PBXProject section */
		B4BF4C132EBBD56200FCA0BA /* Project object */ = {
			isa = PBXProject;
			attributes = {
				BuildIndependentTargetsInParallel = 1;
				LastSwiftUpdateCheck = 1420;
				LastUpgradeCheck = 1420;
				TargetAttributes = {
					B4BF4C1A2EBBD56200FCA0BA = {
						CreatedOnToolsVersion = 14.2;
					};
				};
			};
			buildConfigurationList = B4BF4C162EBBD56200FCA0BA /* Build configuration list for PBXProject "Challengrs" */;
			compatibilityVersion = "Xcode 14.0";
			developmentRegion = en;
			hasScannedForEncodings = 0;
			knownRegions = (
				en,
				Base,
			);
			mainGroup = B4BF4C122EBBD56200FCA0BA;
			packageReferences = (
				B479A81B2EBC41350069678C /* XCRemoteSwiftPackageReference "firebase-ios-sdk" */,
			);
			productRefGroup = B4BF4C1C2EBBD56200FCA0BA /* Products */;
			projectDirPath = "";
			projectRoot = "";
			targets = (
				B4BF4C1A2EBBD56200FCA0BA /* Challengrs */,
			);
		};
/* End PBXProject section */

/* Begin PBXResourcesBuildPhase section */
		B4BF4C192EBBD56200FCA0BA /* Resources */ = {
			isa = PBXResourcesBuildPhase;
			buildActionMask = 2147483647;
			files = (
				B4BF4C262EBBD56600FCA0BA /* Preview Assets.xcassets in Resources */,
				B4BF4C232EBBD56600FCA0BA /* Assets.xcassets in Resources */,
				B479A81A2EBC2DAC0069678C /* GoogleService-Info.plist in Resources */,
			);
			runOnlyForDeploymentPostprocessing = 0;
		};
/* End PBXResourcesBuildPhase section */

/* Begin PBXSourcesBuildPhase section */
		B4BF4C172EBBD56200FCA0BA /* Sources */ = {
			isa = PBXSourcesBuildPhase;
			buildActionMask = 2147483647;
			files = (
				B4BF4C442EBBE51F00FCA0BA /* ImagePicker.swift in Sources */,
				B4BF4C362EBBDAE800FCA0BA /* AuthView.swift in Sources */,
				B4BF4C302EBBD9AD00FCA0BA /* SimpleUser.swift in Sources */,
				B4BF4C212EBBD56200FCA0BA /* ContentView.swift in Sources */,
				B4BF4C382EBBDB0A00FCA0BA /* MainTabView.swift in Sources */,
				B4BF4C1F2EBBD56200FCA0BA /* ChallengrsApp.swift in Sources */,
				B4BF4C2D2EBBD88D00FCA0BA /* SessionStore.swift in Sources */,
				B4BF4C472EBBE57C00FCA0BA /* FirestoreService.swift in Sources */,
				B4BF4C322EBBDA4C00FCA0BA /* SplashContainerView.swift in Sources */,
				B4BF4C3E2EBBE42600FCA0BA /* Submission.swift in Sources */,
				B4BF4C3A2EBBDBAA00FCA0BA /* FirestoreService.swift in Sources */,
				B4BF4C342EBBDA8600FCA0BA /* SplashView.swift in Sources */,
				B4BF4C412EBBE46F00FCA0BA /* CreateChallengeView.swift in Sources */,
				B4BF4C3C2EBBE39400FCA0BA /* Challenge.swift in Sources */,
			);
			runOnlyForDeploymentPostprocessing = 0;
		};
/* End PBXSourcesBuildPhase section */

/* Begin XCBuildConfiguration section */
		B4BF4C272EBBD56600FCA0BA /* Debug */ = {
			isa = XCBuildConfiguration;
			buildSettings = {
				ALWAYS_SEARCH_USER_PATHS = NO;
				CLANG_ANALYZER_NONNULL = YES;
				CLANG_ANALYZER_NUMBER_OBJECT_CONVERSION = YES_AGGRESSIVE;
				CLANG_CXX_LANGUAGE_STANDARD = "gnu++20";
				CLANG_ENABLE_MODULES = YES;
				CLANG_ENABLE_OBJC_ARC = YES;
				CLANG_ENABLE_OBJC_WEAK = YES;
				CLANG_WARN_BLOCK_CAPTURE_AUTORELEASING = YES;
				CLANG_WARN_BOOL_CONVERSION = YES;
				CLANG_WARN_COMMA = YES;
				CLANG_WARN_CONSTANT_CONVERSION = YES;
				CLANG_WARN_DEPRECATED_OBJC_IMPLEMENTATIONS = YES;
				CLANG_WARN_DIRECT_OBJC_ISA_USAGE = YES_ERROR;
				CLANG_WARN_DOCUMENTATION_COMMENTS = YES;
				CLANG_WARN_EMPTY_BODY = YES;
				CLANG_WARN_ENUM_CONVERSION = YES;
				CLANG_WARN_INFINITE_RECURSION = YES;
				CLANG_WARN_INT_CONVERSION = YES;
				CLANG_WARN_NON_LITERAL_NULL_CONVERSION = YES;
				CLANG_WARN_OBJC_IMPLICIT_RETAIN_SELF = YES;
				CLANG_WARN_OBJC_LITERAL_CONVERSION = YES;
				CLANG_WARN_OBJC_ROOT_CLASS = YES_ERROR;
				CLANG_WARN_QUOTED_INCLUDE_IN_FRAMEWORK_HEADER = YES;
				CLANG_WARN_RANGE_LOOP_ANALYSIS = YES;
				CLANG_WARN_STRICT_PROTOTYPES = YES;
				CLANG_WARN_SUSPICIOUS_MOVE = YES;
				CLANG_WARN_UNGUARDED_AVAILABILITY = YES_AGGRESSIVE;
				CLANG_WARN_UNREACHABLE_CODE = YES;
				CLANG_WARN__DUPLICATE_METHOD_MATCH = YES;
				COPY_PHASE_STRIP = NO;
				DEBUG_INFORMATION_FORMAT = dwarf;
				ENABLE_STRICT_OBJC_MSGSEND = YES;
				ENABLE_TESTABILITY = YES;
				GCC_C_LANGUAGE_STANDARD = gnu11;
				GCC_DYNAMIC_NO_PIC = NO;
				GCC_NO_COMMON_BLOCKS = YES;
				GCC_OPTIMIZATION_LEVEL = 0;
				GCC_PREPROCESSOR_DEFINITIONS = (
					"DEBUG=1",
					"$(inherited)",
				);
				GCC_WARN_64_TO_32_BIT_CONVERSION = YES;
				GCC_WARN_ABOUT_RETURN_TYPE = YES_ERROR;
				GCC_WARN_UNDECLARED_SELECTOR = YES;
				GCC_WARN_UNINITIALIZED_AUTOS = YES_AGGRESSIVE;
				GCC_WARN_UNUSED_FUNCTION = YES;
				GCC_WARN_UNUSED_VARIABLE = YES;
				IPHONEOS_DEPLOYMENT_TARGET = 16.2;
				MTL_ENABLE_DEBUG_INFO = INCLUDE_SOURCE;
				MTL_FAST_MATH = YES;
				ONLY_ACTIVE_ARCH = YES;
				SDKROOT = iphoneos;
				SWIFT_ACTIVE_COMPILATION_CONDITIONS = DEBUG;
				SWIFT_OPTIMIZATION_LEVEL = "-Onone";
			};
			name = Debug;
		};
		B4BF4C282EBBD56600FCA0BA /* Release */ = {
			isa = XCBuildConfiguration;
			buildSettings = {
				ALWAYS_SEARCH_USER_PATHS = NO;
				CLANG_ANALYZER_NONNULL = YES;
				CLANG_ANALYZER_NUMBER_OBJECT_CONVERSION = YES_AGGRESSIVE;
				CLANG_CXX_LANGUAGE_STANDARD = "gnu++20";
				CLANG_ENABLE_MODULES = YES;
				CLANG_ENABLE_OBJC_ARC = YES;
				CLANG_ENABLE_OBJC_WEAK = YES;
				CLANG_WARN_BLOCK_CAPTURE_AUTORELEASING = YES;
				CLANG_WARN_BOOL_CONVERSION = YES;
				CLANG_WARN_COMMA = YES;
				CLANG_WARN_CONSTANT_CONVERSION = YES;
				CLANG_WARN_DEPRECATED_OBJC_IMPLEMENTATIONS = YES;
				CLANG_WARN_DIRECT_OBJC_ISA_USAGE = YES_ERROR;
				CLANG_WARN_DOCUMENTATION_COMMENTS = YES;
				CLANG_WARN_EMPTY_BODY = YES;
				CLANG_WARN_ENUM_CONVERSION = YES;
				CLANG_WARN_INFINITE_RECURSION = YES;
				CLANG_WARN_INT_CONVERSION = YES;
				CLANG_WARN_NON_LITERAL_NULL_CONVERSION = YES;
				CLANG_WARN_OBJC_IMPLICIT_RETAIN_SELF = YES;
				CLANG_WARN_OBJC_LITERAL_CONVERSION = YES;
				CLANG_WARN_OBJC_ROOT_CLASS = YES_ERROR;
				CLANG_WARN_QUOTED_INCLUDE_IN_FRAMEWORK_HEADER = YES;
				CLANG_WARN_RANGE_LOOP_ANALYSIS = YES;
				CLANG_WARN_STRICT_PROTOTYPES = YES;
				CLANG_WARN_SUSPICIOUS_MOVE = YES;
				CLANG_WARN_UNGUARDED_AVAILABILITY = YES_AGGRESSIVE;
				CLANG_WARN_UNREACHABLE_CODE = YES;
				CLANG_WARN__DUPLICATE_METHOD_MATCH = YES;
				COPY_PHASE_STRIP = NO;
				DEBUG_INFORMATION_FORMAT = "dwarf-with-dsym";
				ENABLE_NS_ASSERTIONS = NO;
				ENABLE_STRICT_OBJC_MSGSEND = YES;
				GCC_C_LANGUAGE_STANDARD = gnu11;
				GCC_NO_COMMON_BLOCKS = YES;
				GCC_WARN_64_TO_32_BIT_CONVERSION = YES;
				GCC_WARN_ABOUT_RETURN_TYPE = YES_ERROR;
				GCC_WARN_UNDECLARED_SELECTOR = YES;
				GCC_WARN_UNINITIALIZED_AUTOS = YES_AGGRESSIVE;
				GCC_WARN_UNUSED_FUNCTION = YES;
				GCC_WARN_UNUSED_VARIABLE = YES;
				IPHONEOS_DEPLOYMENT_TARGET = 16.2;
				MTL_ENABLE_DEBUG_INFO = NO;
				MTL_FAST_MATH = YES;
				SDKROOT = iphoneos;
				SWIFT_COMPILATION_MODE = wholemodule;
				SWIFT_OPTIMIZATION_LEVEL = "-O";
				VALIDATE_PRODUCT = YES;
			};
			name = Release;
		};
		B4BF4C2A2EBBD56600FCA0BA /* Debug */ = {
			isa = XCBuildConfiguration;
			buildSettings = {
				ASSETCATALOG_COMPILER_APPICON_NAME = AppIcon;
				ASSETCATALOG_COMPILER_GLOBAL_ACCENT_COLOR_NAME = AccentColor;
				CODE_SIGN_STYLE = Automatic;
				CURRENT_PROJECT_VERSION = 1;
				DEVELOPMENT_ASSET_PATHS = "\"Challengrs/Preview Content\"";
				DEVELOPMENT_TEAM = XPHBL8575L;
				ENABLE_PREVIEWS = YES;
				GENERATE_INFOPLIST_FILE = YES;
				INFOPLIST_KEY_UIApplicationSceneManifest_Generation = YES;
				INFOPLIST_KEY_UIApplicationSupportsIndirectInputEvents = YES;
				INFOPLIST_KEY_UILaunchScreen_Generation = YES;
				INFOPLIST_KEY_UISupportedInterfaceOrientations_iPad = "UIInterfaceOrientationPortrait UIInterfaceOrientationPortraitUpsideDown UIInterfaceOrientationLandscapeLeft UIInterfaceOrientationLandscapeRight";
				INFOPLIST_KEY_UISupportedInterfaceOrientations_iPhone = "UIInterfaceOrientationPortrait UIInterfaceOrientationLandscapeLeft UIInterfaceOrientationLandscapeRight";
				LD_RUNPATH_SEARCH_PATHS = (
					"$(inherited)",
					"@executable_path/Frameworks",
				);
				MARKETING_VERSION = 1.0;
				PRODUCT_BUNDLE_IDENTIFIER = com.JamesR.Challengrs;
				PRODUCT_NAME = "$(TARGET_NAME)";
				SWIFT_EMIT_LOC_STRINGS = YES;
				SWIFT_VERSION = 5.0;
				TARGETED_DEVICE_FAMILY = "1,2";
			};
			name = Debug;
		};
		B4BF4C2B2EBBD56600FCA0BA /* Release */ = {
			isa = XCBuildConfiguration;
			buildSettings = {
				ASSETCATALOG_COMPILER_APPICON_NAME = AppIcon;
				ASSETCATALOG_COMPILER_GLOBAL_ACCENT_COLOR_NAME = AccentColor;
				CODE_SIGN_STYLE = Automatic;
				CURRENT_PROJECT_VERSION = 1;
				DEVELOPMENT_ASSET_PATHS = "\"Challengrs/Preview Content\"";
				DEVELOPMENT_TEAM = XPHBL8575L;
				ENABLE_PREVIEWS = YES;
				GENERATE_INFOPLIST_FILE = YES;
				INFOPLIST_KEY_UIApplicationSceneManifest_Generation = YES;
				INFOPLIST_KEY_UIApplicationSupportsIndirectInputEvents = YES;
				INFOPLIST_KEY_UILaunchScreen_Generation = YES;
				INFOPLIST_KEY_UISupportedInterfaceOrientations_iPad = "UIInterfaceOrientationPortrait UIInterfaceOrientationPortraitUpsideDown UIInterfaceOrientationLandscapeLeft UIInterfaceOrientationLandscapeRight";
				INFOPLIST_KEY_UISupportedInterfaceOrientations_iPhone = "UIInterfaceOrientationPortrait UIInterfaceOrientationLandscapeLeft UIInterfaceOrientationLandscapeRight";
				LD_RUNPATH_SEARCH_PATHS = (
					"$(inherited)",
					"@executable_path/Frameworks",
				);
				MARKETING_VERSION = 1.0;
				PRODUCT_BUNDLE_IDENTIFIER = com.JamesR.Challengrs;
				PRODUCT_NAME = "$(TARGET_NAME)";
				SWIFT_EMIT_LOC_STRINGS = YES;
				SWIFT_VERSION = 5.0;
				TARGETED_DEVICE_FAMILY = "1,2";
			};
			name = Release;
		};
/* End XCBuildConfiguration section */

/* Begin XCConfigurationList section */
		B4BF4C162EBBD56200FCA0BA /* Build configuration list for PBXProject "Challengrs" */ = {
			isa = XCConfigurationList;
			buildConfigurations = (
				B4BF4C272EBBD56600FCA0BA /* Debug */,
				B4BF4C282EBBD56600FCA0BA /* Release */,
			);
			defaultConfigurationIsVisible = 0;
			defaultConfigurationName = Release;
		};
		B4BF4C292EBBD56600FCA0BA /* Build configuration list for PBXNativeTarget "Challengrs" */ = {
			isa = XCConfigurationList;
			buildConfigurations = (
				B4BF4C2A2EBBD56600FCA0BA /* Debug */,
				B4BF4C2B2EBBD56600FCA0BA /* Release */,
			);
			defaultConfigurationIsVisible = 0;
			defaultConfigurationName = Release;
		};
/* End XCConfigurationList section */

/* Begin XCRemoteSwiftPackageReference section */
		B479A81B2EBC41350069678C /* XCRemoteSwiftPackageReference "firebase-ios-sdk" */ = {
			isa = XCRemoteSwiftPackageReference;
			repositoryURL = "https://github.com/firebase/firebase-ios-sdk";
			requirement = {
				kind = exactVersion;
				version = 8.15.0;
			};
		};
/* End XCRemoteSwiftPackageReference section */

/* Begin XCSwiftPackageProductDependency section */
		B479A81C2EBC41350069678C /* FirebaseAuth */ = {
			isa = XCSwiftPackageProductDependency;
			package = B479A81B2EBC41350069678C /* XCRemoteSwiftPackageReference "firebase-ios-sdk" */;
			productName = FirebaseAuth;
		};
		B479A81E2EBC41350069678C /* FirebaseCrashlytics */ = {
			isa = XCSwiftPackageProductDependency;
			package = B479A81B2EBC41350069678C /* XCRemoteSwiftPackageReference "firebase-ios-sdk" */;
			productName = FirebaseCrashlytics;
		};
		B479A8202EBC41350069678C /* FirebaseFirestore */ = {
			isa = XCSwiftPackageProductDependency;
			package = B479A81B2EBC41350069678C /* XCRemoteSwiftPackageReference "firebase-ios-sdk" */;
			productName = FirebaseFirestore;
		};
		B479A8222EBC41350069678C /* FirebaseFirestoreSwift-Beta */ = {
			isa = XCSwiftPackageProductDependency;
			package = B479A81B2EBC41350069678C /* XCRemoteSwiftPackageReference "firebase-ios-sdk" */;
			productName = "FirebaseFirestoreSwift-Beta";
		};
		B479A8242EBC41350069678C /* FirebaseStorage */ = {
			isa = XCSwiftPackageProductDependency;
			package = B479A81B2EBC41350069678C /* XCRemoteSwiftPackageReference "firebase-ios-sdk" */;
			productName = FirebaseStorage;
		};
/* End XCSwiftPackageProductDependency section */
	};
	rootObject = B4BF4C132EBBD56200FCA0BA /* Project object */;
}
